
Microsoft Visual Studio Solution File, Format Version 12.00
# Visual Studio 14
VisualStudioVersion = 14.0.25420.1
MinimumVisualStudioVersion = 10.0.40219.1
Project("{FAE04EC0-301F-11D3-BF4B-00C04F79EFBC}") = "NET.XF.Intro.Droid", "NET.XF.Intro\NET.XF.Intro.Droid\NET.XF.Intro.Droid.csproj", "{338CF4D4-5144-4E5A-B12E-7C4861E3EFBA}"
EndProject
Project("{FAE04EC0-301F-11D3-BF4B-00C04F79EFBC}") = "NET.XF.Intro.iOS", "NET.XF.Intro\NET.XF.Intro.iOS\NET.XF.Intro.iOS.csproj", "{FC3AAC56-5A38-42A4-A7A7-7C92E8D85025}"
EndProject
Project("{FAE04EC0-301F-11D3-BF4B-00C04F79EFBC}") = "NET.XF.Intro.WinPhone", "NET.XF.Intro\NET.XF.Intro.WinPhone\NET.XF.Intro.WinPhone.csproj", "{75704DC5-DB53-4F3F-871C-BBC4AC30B691}"
EndProject
Project("{FAE04EC0-301F-11D3-BF4B-00C04F79EFBC}") = "NET.XF.Intro.UWP", "NET.XF.Intro\NET.XF.Intro.UWP\NET.XF.Intro.UWP.csproj", "{009D80BF-3217-41E3-9399-BB8F3A3BB8EB}"
EndProject
Project("{FAE04EC0-301F-11D3-BF4B-00C04F79EFBC}") = "NET.XF.Intro.Windows", "NET.XF.Intro\NET.XF.Intro.Windows\NET.XF.Intro.Windows.csproj", "{44B2827B-BADA-469A-8024-CEADC1384FE1}"
EndProject
Project("{FAE04EC0-301F-11D3-BF4B-00C04F79EFBC}") = "NET.XF.Intro", "NET.XF.Intro\NET.XF.Intro\NET.XF.Intro.csproj", "{820C69CF-83D4-4D7D-8139-B0A3238A1ED4}"
EndProject
Global
	GlobalSection(SolutionConfigurationPlatforms) = preSolution
		Ad-Hoc|Any CPU = Ad-Hoc|Any CPU
		Ad-Hoc|ARM = Ad-Hoc|ARM
		Ad-Hoc|iPhone = Ad-Hoc|iPhone
		Ad-Hoc|iPhoneSimulator = Ad-Hoc|iPhoneSimulator
		Ad-Hoc|x64 = Ad-Hoc|x64
		Ad-Hoc|x86 = Ad-Hoc|x86
		AppStore|Any CPU = AppStore|Any CPU
		AppStore|ARM = AppStore|ARM
		AppStore|iPhone = AppStore|iPhone
		AppStore|iPhoneSimulator = AppStore|iPhoneSimulator
		AppStore|x64 = AppStore|x64
		AppStore|x86 = AppStore|x86
		Debug|Any CPU = Debug|Any CPU
		Debug|ARM = Debug|ARM
		Debug|iPhone = Debug|iPhone
		Debug|iPhoneSimulator = Debug|iPhoneSimulator
		Debug|x64 = Debug|x64
		Debug|x86 = Debug|x86
		Release|Any CPU = Release|Any CPU
		Release|ARM = Release|ARM
		Release|iPhone = Release|iPhone
		Release|iPhoneSimulator = Release|iPhoneSimulator
		Release|x64 = Release|x64
		Release|x86 = Release|x86
	EndGlobalSection
	GlobalSection(ProjectConfigurationPlatforms) = postSolution
		{338CF4D4-5144-4E5A-B12E-7C4861E3EFBA}.Ad-Hoc|Any CPU.ActiveCfg = Release|Any CPU
		{338CF4D4-5144-4E5A-B12E-7C4861E3EFBA}.Ad-Hoc|Any CPU.Build.0 = Release|Any CPU
		{338CF4D4-5144-4E5A-B12E-7C4861E3EFBA}.Ad-Hoc|Any CPU.Deploy.0 = Release|Any CPU
		{338CF4D4-5144-4E5A-B12E-7C4861E3EFBA}.Ad-Hoc|ARM.ActiveCfg = Release|Any CPU
		{338CF4D4-5144-4E5A-B12E-7C4861E3EFBA}.Ad-Hoc|ARM.Build.0 = Release|Any CPU
		{338CF4D4-5144-4E5A-B12E-7C4861E3EFBA}.Ad-Hoc|ARM.Deploy.0 = Release|Any CPU
		{338CF4D4-5144-4E5A-B12E-7C4861E3EFBA}.Ad-Hoc|iPhone.ActiveCfg = Release|Any CPU
		{338CF4D4-5144-4E5A-B12E-7C4861E3EFBA}.Ad-Hoc|iPhone.Build.0 = Release|Any CPU
		{338CF4D4-5144-4E5A-B12E-7C4861E3EFBA}.Ad-Hoc|iPhone.Deploy.0 = Release|Any CPU
		{338CF4D4-5144-4E5A-B12E-7C4861E3EFBA}.Ad-Hoc|iPhoneSimulator.ActiveCfg = Release|Any CPU
		{338CF4D4-5144-4E5A-B12E-7C4861E3EFBA}.Ad-Hoc|iPhoneSimulator.Build.0 = Release|Any CPU
		{338CF4D4-5144-4E5A-B12E-7C4861E3EFBA}.Ad-Hoc|iPhoneSimulator.Deploy.0 = Release|Any CPU
		{338CF4D4-5144-4E5A-B12E-7C4861E3EFBA}.Ad-Hoc|x64.ActiveCfg = Release|Any CPU
		{338CF4D4-5144-4E5A-B12E-7C4861E3EFBA}.Ad-Hoc|x64.Build.0 = Release|Any CPU
		{338CF4D4-5144-4E5A-B12E-7C4861E3EFBA}.Ad-Hoc|x64.Deploy.0 = Release|Any CPU
		{338CF4D4-5144-4E5A-B12E-7C4861E3EFBA}.Ad-Hoc|x86.ActiveCfg = Release|Any CPU
		{338CF4D4-5144-4E5A-B12E-7C4861E3EFBA}.Ad-Hoc|x86.Build.0 = Release|Any CPU
		{338CF4D4-5144-4E5A-B12E-7C4861E3EFBA}.Ad-Hoc|x86.Deploy.0 = Release|Any CPU
		{338CF4D4-5144-4E5A-B12E-7C4861E3EFBA}.AppStore|Any CPU.ActiveCfg = Release|Any CPU
		{338CF4D4-5144-4E5A-B12E-7C4861E3EFBA}.AppStore|Any CPU.Build.0 = Release|Any CPU
		{338CF4D4-5144-4E5A-B12E-7C4861E3EFBA}.AppStore|Any CPU.Deploy.0 = Release|Any CPU
		{338CF4D4-5144-4E5A-B12E-7C4861E3EFBA}.AppStore|ARM.ActiveCfg = Release|Any CPU
		{338CF4D4-5144-4E5A-B12E-7C4861E3EFBA}.AppStore|ARM.Build.0 = Release|Any CPU
		{338CF4D4-5144-4E5A-B12E-7C4861E3EFBA}.AppStore|ARM.Deploy.0 = Release|Any CPU
		{338CF4D4-5144-4E5A-B12E-7C4861E3EFBA}.AppStore|iPhone.ActiveCfg = Release|Any CPU
		{338CF4D4-5144-4E5A-B12E-7C4861E3EFBA}.AppStore|iPhone.Build.0 = Release|Any CPU
		{338CF4D4-5144-4E5A-B12E-7C4861E3EFBA}.AppStore|iPhone.Deploy.0 = Release|Any CPU
		{338CF4D4-5144-4E5A-B12E-7C4861E3EFBA}.AppStore|iPhoneSimulator.ActiveCfg = Release|Any CPU
		{338CF4D4-5144-4E5A-B12E-7C4861E3EFBA}.AppStore|iPhoneSimulator.Build.0 = Release|Any CPU
		{338CF4D4-5144-4E5A-B12E-7C4861E3EFBA}.AppStore|iPhoneSimulator.Deploy.0 = Release|Any CPU
		{338CF4D4-5144-4E5A-B12E-7C4861E3EFBA}.AppStore|x64.ActiveCfg = Release|Any CPU
		{338CF4D4-5144-4E5A-B12E-7C4861E3EFBA}.AppStore|x64.Build.0 = Release|Any CPU
		{338CF4D4-5144-4E5A-B12E-7C4861E3EFBA}.AppStore|x64.Deploy.0 = Release|Any CPU
		{338CF4D4-5144-4E5A-B12E-7C4861E3EFBA}.AppStore|x86.ActiveCfg = Release|Any CPU
		{338CF4D4-5144-4E5A-B12E-7C4861E3EFBA}.AppStore|x86.Build.0 = Release|Any CPU
		{338CF4D4-5144-4E5A-B12E-7C4861E3EFBA}.AppStore|x86.Deploy.0 = Release|Any CPU
		{338CF4D4-5144-4E5A-B12E-7C4861E3EFBA}.Debug|Any CPU.ActiveCfg = Debug|Any CPU
		{338CF4D4-5144-4E5A-B12E-7C4861E3EFBA}.Debug|Any CPU.Build.0 = Debug|Any CPU
		{338CF4D4-5144-4E5A-B12E-7C4861E3EFBA}.Debug|Any CPU.Deploy.0 = Debug|Any CPU
		{338CF4D4-5144-4E5A-B12E-7C4861E3EFBA}.Debug|ARM.ActiveCfg = Debug|Any CPU
		{338CF4D4-5144-4E5A-B12E-7C4861E3EFBA}.Debug|ARM.Build.0 = Debug|Any CPU
		{338CF4D4-5144-4E5A-B12E-7C4861E3EFBA}.Debug|ARM.Deploy.0 = Debug|Any CPU
		{338CF4D4-5144-4E5A-B12E-7C4861E3EFBA}.Debug|iPhone.ActiveCfg = Debug|Any CPU
		{338CF4D4-5144-4E5A-B12E-7C4861E3EFBA}.Debug|iPhone.Build.0 = Debug|Any CPU
		{338CF4D4-5144-4E5A-B12E-7C4861E3EFBA}.Debug|iPhone.Deploy.0 = Debug|Any CPU
		{338CF4D4-5144-4E5A-B12E-7C4861E3EFBA}.Debug|iPhoneSimulator.ActiveCfg = Debug|Any CPU
		{338CF4D4-5144-4E5A-B12E-7C4861E3EFBA}.Debug|iPhoneSimulator.Build.0 = Debug|Any CPU
		{338CF4D4-5144-4E5A-B12E-7C4861E3EFBA}.Debug|iPhoneSimulator.Deploy.0 = Debug|Any CPU
		{338CF4D4-5144-4E5A-B12E-7C4861E3EFBA}.Debug|x64.ActiveCfg = Debug|Any CPU
		{338CF4D4-5144-4E5A-B12E-7C4861E3EFBA}.Debug|x64.Build.0 = Debug|Any CPU
		{338CF4D4-5144-4E5A-B12E-7C4861E3EFBA}.Debug|x64.Deploy.0 = Debug|Any CPU
		{338CF4D4-5144-4E5A-B12E-7C4861E3EFBA}.Debug|x86.ActiveCfg = Debug|Any CPU
		{338CF4D4-5144-4E5A-B12E-7C4861E3EFBA}.Debug|x86.Build.0 = Debug|Any CPU
		{338CF4D4-5144-4E5A-B12E-7C4861E3EFBA}.Debug|x86.Deploy.0 = Debug|Any CPU
		{338CF4D4-5144-4E5A-B12E-7C4861E3EFBA}.Release|Any CPU.ActiveCfg = Release|Any CPU
		{338CF4D4-5144-4E5A-B12E-7C4861E3EFBA}.Release|Any CPU.Build.0 = Release|Any CPU
		{338CF4D4-5144-4E5A-B12E-7C4861E3EFBA}.Release|Any CPU.Deploy.0 = Release|Any CPU
		{338CF4D4-5144-4E5A-B12E-7C4861E3EFBA}.Release|ARM.ActiveCfg = Release|Any CPU
		{338CF4D4-5144-4E5A-B12E-7C4861E3EFBA}.Release|ARM.Build.0 = Release|Any CPU
		{338CF4D4-5144-4E5A-B12E-7C4861E3EFBA}.Release|ARM.Deploy.0 = Release|Any CPU
		{338CF4D4-5144-4E5A-B12E-7C4861E3EFBA}.Release|iPhone.ActiveCfg = Release|Any CPU
		{338CF4D4-5144-4E5A-B12E-7C4861E3EFBA}.Release|iPhone.Build.0 = Release|Any CPU
		{338CF4D4-5144-4E5A-B12E-7C4861E3EFBA}.Release|iPhone.Deploy.0 = Release|Any CPU
		{338CF4D4-5144-4E5A-B12E-7C4861E3EFBA}.Release|iPhoneSimulator.ActiveCfg = Release|Any CPU
		{338CF4D4-5144-4E5A-B12E-7C4861E3EFBA}.Release|iPhoneSimulator.Build.0 = Release|Any CPU
		{338CF4D4-5144-4E5A-B12E-7C4861E3EFBA}.Release|iPhoneSimulator.Deploy.0 = Release|Any CPU
		{338CF4D4-5144-4E5A-B12E-7C4861E3EFBA}.Release|x64.ActiveCfg = Release|Any CPU
		{338CF4D4-5144-4E5A-B12E-7C4861E3EFBA}.Release|x64.Build.0 = Release|Any CPU
		{338CF4D4-5144-4E5A-B12E-7C4861E3EFBA}.Release|x64.Deploy.0 = Release|Any CPU
		{338CF4D4-5144-4E5A-B12E-7C4861E3EFBA}.Release|x86.ActiveCfg = Release|Any CPU
		{338CF4D4-5144-4E5A-B12E-7C4861E3EFBA}.Release|x86.Build.0 = Release|Any CPU
		{338CF4D4-5144-4E5A-B12E-7C4861E3EFBA}.Release|x86.Deploy.0 = Release|Any CPU
		{FC3AAC56-5A38-42A4-A7A7-7C92E8D85025}.Ad-Hoc|Any CPU.ActiveCfg = Ad-Hoc|iPhone
		{FC3AAC56-5A38-42A4-A7A7-7C92E8D85025}.Ad-Hoc|ARM.ActiveCfg = Ad-Hoc|iPhone
		{FC3AAC56-5A38-42A4-A7A7-7C92E8D85025}.Ad-Hoc|iPhone.ActiveCfg = Ad-Hoc|iPhone
		{FC3AAC56-5A38-42A4-A7A7-7C92E8D85025}.Ad-Hoc|iPhone.Build.0 = Ad-Hoc|iPhone
		{FC3AAC56-5A38-42A4-A7A7-7C92E8D85025}.Ad-Hoc|iPhoneSimulator.ActiveCfg = Ad-Hoc|iPhoneSimulator
		{FC3AAC56-5A38-42A4-A7A7-7C92E8D85025}.Ad-Hoc|iPhoneSimulator.Build.0 = Ad-Hoc|iPhoneSimulator
		{FC3AAC56-5A38-42A4-A7A7-7C92E8D85025}.Ad-Hoc|x64.ActiveCfg = Ad-Hoc|iPhone
		{FC3AAC56-5A38-42A4-A7A7-7C92E8D85025}.Ad-Hoc|x86.ActiveCfg = Ad-Hoc|iPhone
		{FC3AAC56-5A38-42A4-A7A7-7C92E8D85025}.AppStore|Any CPU.ActiveCfg = AppStore|iPhone
		{FC3AAC56-5A38-42A4-A7A7-7C92E8D85025}.AppStore|ARM.ActiveCfg = AppStore|iPhone
		{FC3AAC56-5A38-42A4-A7A7-7C92E8D85025}.AppStore|iPhone.ActiveCfg = AppStore|iPhone
		{FC3AAC56-5A38-42A4-A7A7-7C92E8D85025}.AppStore|iPhone.Build.0 = AppStore|iPhone
		{FC3AAC56-5A38-42A4-A7A7-7C92E8D85025}.AppStore|iPhoneSimulator.ActiveCfg = AppStore|iPhoneSimulator
		{FC3AAC56-5A38-42A4-A7A7-7C92E8D85025}.AppStore|iPhoneSimulator.Build.0 = AppStore|iPhoneSimulator
		{FC3AAC56-5A38-42A4-A7A7-7C92E8D85025}.AppStore|x64.ActiveCfg = AppStore|iPhone
		{FC3AAC56-5A38-42A4-A7A7-7C92E8D85025}.AppStore|x86.ActiveCfg = AppStore|iPhone
		{FC3AAC56-5A38-42A4-A7A7-7C92E8D85025}.Debug|Any CPU.ActiveCfg = Debug|iPhone
		{FC3AAC56-5A38-42A4-A7A7-7C92E8D85025}.Debug|ARM.ActiveCfg = Debug|iPhone
		{FC3AAC56-5A38-42A4-A7A7-7C92E8D85025}.Debug|iPhone.ActiveCfg = Debug|iPhone
		{FC3AAC56-5A38-42A4-A7A7-7C92E8D85025}.Debug|iPhone.Build.0 = Debug|iPhone
		{FC3AAC56-5A38-42A4-A7A7-7C92E8D85025}.Debug|iPhoneSimulator.ActiveCfg = Debug|iPhoneSimulator
		{FC3AAC56-5A38-42A4-A7A7-7C92E8D85025}.Debug|iPhoneSimulator.Build.0 = Debug|iPhoneSimulator
		{FC3AAC56-5A38-42A4-A7A7-7C92E8D85025}.Debug|x64.ActiveCfg = Debug|iPhone
		{FC3AAC56-5A38-42A4-A7A7-7C92E8D85025}.Debug|x86.ActiveCfg = Debug|iPhone
		{FC3AAC56-5A38-42A4-A7A7-7C92E8D85025}.Release|Any CPU.ActiveCfg = Release|iPhone
		{FC3AAC56-5A38-42A4-A7A7-7C92E8D85025}.Release|ARM.ActiveCfg = Release|iPhone
		{FC3AAC56-5A38-42A4-A7A7-7C92E8D85025}.Release|iPhone.ActiveCfg = Release|iPhone
		{FC3AAC56-5A38-42A4-A7A7-7C92E8D85025}.Release|iPhone.Build.0 = Release|iPhone
		{FC3AAC56-5A38-42A4-A7A7-7C92E8D85025}.Release|iPhoneSimulator.ActiveCfg = Release|iPhoneSimulator
		{FC3AAC56-5A38-42A4-A7A7-7C92E8D85025}.Release|iPhoneSimulator.Build.0 = Release|iPhoneSimulator
		{FC3AAC56-5A38-42A4-A7A7-7C92E8D85025}.Release|x64.ActiveCfg = Release|iPhone
		{FC3AAC56-5A38-42A4-A7A7-7C92E8D85025}.Release|x86.ActiveCfg = Release|iPhone
		{75704DC5-DB53-4F3F-871C-BBC4AC30B691}.Ad-Hoc|Any CPU.ActiveCfg = Release|Any CPU
		{75704DC5-DB53-4F3F-871C-BBC4AC30B691}.Ad-Hoc|Any CPU.Build.0 = Release|Any CPU
		{75704DC5-DB53-4F3F-871C-BBC4AC30B691}.Ad-Hoc|Any CPU.Deploy.0 = Release|Any CPU
		{75704DC5-DB53-4F3F-871C-BBC4AC30B691}.Ad-Hoc|ARM.ActiveCfg = Release|ARM
		{75704DC5-DB53-4F3F-871C-BBC4AC30B691}.Ad-Hoc|ARM.Build.0 = Release|ARM
		{75704DC5-DB53-4F3F-871C-BBC4AC30B691}.Ad-Hoc|ARM.Deploy.0 = Release|ARM
		{75704DC5-DB53-4F3F-871C-BBC4AC30B691}.Ad-Hoc|iPhone.ActiveCfg = Release|Any CPU
		{75704DC5-DB53-4F3F-871C-BBC4AC30B691}.Ad-Hoc|iPhone.Build.0 = Release|Any CPU
		{75704DC5-DB53-4F3F-871C-BBC4AC30B691}.Ad-Hoc|iPhone.Deploy.0 = Release|Any CPU
		{75704DC5-DB53-4F3F-871C-BBC4AC30B691}.Ad-Hoc|iPhoneSimulator.ActiveCfg = Release|Any CPU
		{75704DC5-DB53-4F3F-871C-BBC4AC30B691}.Ad-Hoc|iPhoneSimulator.Build.0 = Release|Any CPU
		{75704DC5-DB53-4F3F-871C-BBC4AC30B691}.Ad-Hoc|iPhoneSimulator.Deploy.0 = Release|Any CPU
		{75704DC5-DB53-4F3F-871C-BBC4AC30B691}.Ad-Hoc|x64.ActiveCfg = Release|Any CPU
		{75704DC5-DB53-4F3F-871C-BBC4AC30B691}.Ad-Hoc|x64.Build.0 = Release|Any CPU
		{75704DC5-DB53-4F3F-871C-BBC4AC30B691}.Ad-Hoc|x64.Deploy.0 = Release|Any CPU
		{75704DC5-DB53-4F3F-871C-BBC4AC30B691}.Ad-Hoc|x86.ActiveCfg = Release|x86
		{75704DC5-DB53-4F3F-871C-BBC4AC30B691}.Ad-Hoc|x86.Build.0 = Release|x86
		{75704DC5-DB53-4F3F-871C-BBC4AC30B691}.Ad-Hoc|x86.Deploy.0 = Release|x86
		{75704DC5-DB53-4F3F-871C-BBC4AC30B691}.AppStore|Any CPU.ActiveCfg = Release|Any CPU
		{75704DC5-DB53-4F3F-871C-BBC4AC30B691}.AppStore|Any CPU.Build.0 = Release|Any CPU
		{75704DC5-DB53-4F3F-871C-BBC4AC30B691}.AppStore|Any CPU.Deploy.0 = Release|Any CPU
		{75704DC5-DB53-4F3F-871C-BBC4AC30B691}.AppStore|ARM.ActiveCfg = Release|ARM
		{75704DC5-DB53-4F3F-871C-BBC4AC30B691}.AppStore|ARM.Build.0 = Release|ARM
		{75704DC5-DB53-4F3F-871C-BBC4AC30B691}.AppStore|ARM.Deploy.0 = Release|ARM
		{75704DC5-DB53-4F3F-871C-BBC4AC30B691}.AppStore|iPhone.ActiveCfg = Release|Any CPU
		{75704DC5-DB53-4F3F-871C-BBC4AC30B691}.AppStore|iPhone.Build.0 = Release|Any CPU
		{75704DC5-DB53-4F3F-871C-BBC4AC30B691}.AppStore|iPhone.Deploy.0 = Release|Any CPU
		{75704DC5-DB53-4F3F-871C-BBC4AC30B691}.AppStore|iPhoneSimulator.ActiveCfg = Release|Any CPU
		{75704DC5-DB53-4F3F-871C-BBC4AC30B691}.AppStore|iPhoneSimulator.Build.0 = Release|Any CPU
		{75704DC5-DB53-4F3F-871C-BBC4AC30B691}.AppStore|iPhoneSimulator.Deploy.0 = Release|Any CPU
		{75704DC5-DB53-4F3F-871C-BBC4AC30B691}.AppStore|x64.ActiveCfg = Release|Any CPU
		{75704DC5-DB53-4F3F-871C-BBC4AC30B691}.AppStore|x64.Build.0 = Release|Any CPU
		{75704DC5-DB53-4F3F-871C-BBC4AC30B691}.AppStore|x64.Deploy.0 = Release|Any CPU
		{75704DC5-DB53-4F3F-871C-BBC4AC30B691}.AppStore|x86.ActiveCfg = Release|x86
		{75704DC5-DB53-4F3F-871C-BBC4AC30B691}.AppStore|x86.Build.0 = Release|x86
		{75704DC5-DB53-4F3F-871C-BBC4AC30B691}.AppStore|x86.Deploy.0 = Release|x86
		{75704DC5-DB53-4F3F-871C-BBC4AC30B691}.Debug|Any CPU.ActiveCfg = Debug|Any CPU
		{75704DC5-DB53-4F3F-871C-BBC4AC30B691}.Debug|Any CPU.Build.0 = Debug|Any CPU
		{75704DC5-DB53-4F3F-871C-BBC4AC30B691}.Debug|Any CPU.Deploy.0 = Debug|Any CPU
		{75704DC5-DB53-4F3F-871C-BBC4AC30B691}.Debug|ARM.ActiveCfg = Debug|ARM
		{75704DC5-DB53-4F3F-871C-BBC4AC30B691}.Debug|ARM.Build.0 = Debug|ARM
		{75704DC5-DB53-4F3F-871C-BBC4AC30B691}.Debug|ARM.Deploy.0 = Debug|ARM
		{75704DC5-DB53-4F3F-871C-BBC4AC30B691}.Debug|iPhone.ActiveCfg = Debug|Any CPU
		{75704DC5-DB53-4F3F-871C-BBC4AC30B691}.Debug|iPhone.Build.0 = Debug|Any CPU
		{75704DC5-DB53-4F3F-871C-BBC4AC30B691}.Debug|iPhone.Deploy.0 = Debug|Any CPU
		{75704DC5-DB53-4F3F-871C-BBC4AC30B691}.Debug|iPhoneSimulator.ActiveCfg = Debug|Any CPU
		{75704DC5-DB53-4F3F-871C-BBC4AC30B691}.Debug|iPhoneSimulator.Build.0 = Debug|Any CPU
		{75704DC5-DB53-4F3F-871C-BBC4AC30B691}.Debug|iPhoneSimulator.Deploy.0 = Debug|Any CPU
		{75704DC5-DB53-4F3F-871C-BBC4AC30B691}.Debug|x64.ActiveCfg = Debug|Any CPU
		{75704DC5-DB53-4F3F-871C-BBC4AC30B691}.Debug|x64.Build.0 = Debug|Any CPU
		{75704DC5-DB53-4F3F-871C-BBC4AC30B691}.Debug|x64.Deploy.0 = Debug|Any CPU
		{75704DC5-DB53-4F3F-871C-BBC4AC30B691}.Debug|x86.ActiveCfg = Debug|x86
		{75704DC5-DB53-4F3F-871C-BBC4AC30B691}.Debug|x86.Build.0 = Debug|x86
		{75704DC5-DB53-4F3F-871C-BBC4AC30B691}.Debug|x86.Deploy.0 = Debug|x86
		{75704DC5-DB53-4F3F-871C-BBC4AC30B691}.Release|Any CPU.ActiveCfg = Release|Any CPU
		{75704DC5-DB53-4F3F-871C-BBC4AC30B691}.Release|Any CPU.Build.0 = Release|Any CPU
		{75704DC5-DB53-4F3F-871C-BBC4AC30B691}.Release|Any CPU.Deploy.0 = Release|Any CPU
		{75704DC5-DB53-4F3F-871C-BBC4AC30B691}.Release|ARM.ActiveCfg = Release|ARM
		{75704DC5-DB53-4F3F-871C-BBC4AC30B691}.Release|ARM.Build.0 = Release|ARM
		{75704DC5-DB53-4F3F-871C-BBC4AC30B691}.Release|ARM.Deploy.0 = Release|ARM
		{75704DC5-DB53-4F3F-871C-BBC4AC30B691}.Release|iPhone.ActiveCfg = Release|Any CPU
		{75704DC5-DB53-4F3F-871C-BBC4AC30B691}.Release|iPhone.Build.0 = Release|Any CPU
		{75704DC5-DB53-4F3F-871C-BBC4AC30B691}.Release|iPhone.Deploy.0 = Release|Any CPU
		{75704DC5-DB53-4F3F-871C-BBC4AC30B691}.Release|iPhoneSimulator.ActiveCfg = Release|Any CPU
		{75704DC5-DB53-4F3F-871C-BBC4AC30B691}.Release|iPhoneSimulator.Build.0 = Release|Any CPU
		{75704DC5-DB53-4F3F-871C-BBC4AC30B691}.Release|iPhoneSimulator.Deploy.0 = Release|Any CPU
		{75704DC5-DB53-4F3F-871C-BBC4AC30B691}.Release|x64.ActiveCfg = Release|Any CPU
		{75704DC5-DB53-4F3F-871C-BBC4AC30B691}.Release|x64.Build.0 = Release|Any CPU
		{75704DC5-DB53-4F3F-871C-BBC4AC30B691}.Release|x64.Deploy.0 = Release|Any CPU
		{75704DC5-DB53-4F3F-871C-BBC4AC30B691}.Release|x86.ActiveCfg = Release|x86
		{75704DC5-DB53-4F3F-871C-BBC4AC30B691}.Release|x86.Build.0 = Release|x86
		{75704DC5-DB53-4F3F-871C-BBC4AC30B691}.Release|x86.Deploy.0 = Release|x86
		{009D80BF-3217-41E3-9399-BB8F3A3BB8EB}.Ad-Hoc|Any CPU.ActiveCfg = Release|x86
		{009D80BF-3217-41E3-9399-BB8F3A3BB8EB}.Ad-Hoc|Any CPU.Build.0 = Release|x86
		{009D80BF-3217-41E3-9399-BB8F3A3BB8EB}.Ad-Hoc|Any CPU.Deploy.0 = Release|x86
		{009D80BF-3217-41E3-9399-BB8F3A3BB8EB}.Ad-Hoc|ARM.ActiveCfg = Release|ARM
		{009D80BF-3217-41E3-9399-BB8F3A3BB8EB}.Ad-Hoc|ARM.Build.0 = Release|ARM
		{009D80BF-3217-41E3-9399-BB8F3A3BB8EB}.Ad-Hoc|ARM.Deploy.0 = Release|ARM
		{009D80BF-3217-41E3-9399-BB8F3A3BB8EB}.Ad-Hoc|iPhone.ActiveCfg = Release|x86
		{009D80BF-3217-41E3-9399-BB8F3A3BB8EB}.Ad-Hoc|iPhone.Build.0 = Release|x86
		{009D80BF-3217-41E3-9399-BB8F3A3BB8EB}.Ad-Hoc|iPhone.Deploy.0 = Release|x86
		{009D80BF-3217-41E3-9399-BB8F3A3BB8EB}.Ad-Hoc|iPhoneSimulator.ActiveCfg = Release|x86
		{009D80BF-3217-41E3-9399-BB8F3A3BB8EB}.Ad-Hoc|iPhoneSimulator.Build.0 = Release|x86
		{009D80BF-3217-41E3-9399-BB8F3A3BB8EB}.Ad-Hoc|iPhoneSimulator.Deploy.0 = Release|x86
		{009D80BF-3217-41E3-9399-BB8F3A3BB8EB}.Ad-Hoc|x64.ActiveCfg = Release|x64
		{009D80BF-3217-41E3-9399-BB8F3A3BB8EB}.Ad-Hoc|x64.Build.0 = Release|x64
		{009D80BF-3217-41E3-9399-BB8F3A3BB8EB}.Ad-Hoc|x64.Deploy.0 = Release|x64
		{009D80BF-3217-41E3-9399-BB8F3A3BB8EB}.Ad-Hoc|x86.ActiveCfg = Release|x86
		{009D80BF-3217-41E3-9399-BB8F3A3BB8EB}.Ad-Hoc|x86.Build.0 = Release|x86
		{009D80BF-3217-41E3-9399-BB8F3A3BB8EB}.Ad-Hoc|x86.Deploy.0 = Release|x86
		{009D80BF-3217-41E3-9399-BB8F3A3BB8EB}.AppStore|Any CPU.ActiveCfg = Release|x86
		{009D80BF-3217-41E3-9399-BB8F3A3BB8EB}.AppStore|Any CPU.Build.0 = Release|x86
		{009D80BF-3217-41E3-9399-BB8F3A3BB8EB}.AppStore|Any CPU.Deploy.0 = Release|x86
		{009D80BF-3217-41E3-9399-BB8F3A3BB8EB}.AppStore|ARM.ActiveCfg = Release|ARM
		{009D80BF-3217-41E3-9399-BB8F3A3BB8EB}.AppStore|ARM.Build.0 = Release|ARM
		{009D80BF-3217-41E3-9399-BB8F3A3BB8EB}.AppStore|ARM.Deploy.0 = Release|ARM
		{009D80BF-3217-41E3-9399-BB8F3A3BB8EB}.AppStore|iPhone.ActiveCfg = Release|x86
		{009D80BF-3217-41E3-9399-BB8F3A3BB8EB}.AppStore|iPhone.Build.0 = Release|x86
		{009D80BF-3217-41E3-9399-BB8F3A3BB8EB}.AppStore|iPhone.Deploy.0 = Release|x86
		{009D80BF-3217-41E3-9399-BB8F3A3BB8EB}.AppStore|iPhoneSimulator.ActiveCfg = Release|x86
		{009D80BF-3217-41E3-9399-BB8F3A3BB8EB}.AppStore|iPhoneSimulator.Build.0 = Release|x86
		{009D80BF-3217-41E3-9399-BB8F3A3BB8EB}.AppStore|iPhoneSimulator.Deploy.0 = Release|x86
		{009D80BF-3217-41E3-9399-BB8F3A3BB8EB}.AppStore|x64.ActiveCfg = Release|x64
		{009D80BF-3217-41E3-9399-BB8F3A3BB8EB}.AppStore|x64.Build.0 = Release|x64
		{009D80BF-3217-41E3-9399-BB8F3A3BB8EB}.AppStore|x64.Deploy.0 = Release|x64
		{009D80BF-3217-41E3-9399-BB8F3A3BB8EB}.AppStore|x86.ActiveCfg = Release|x86
		{009D80BF-3217-41E3-9399-BB8F3A3BB8EB}.AppStore|x86.Build.0 = Release|x86
		{009D80BF-3217-41E3-9399-BB8F3A3BB8EB}.AppStore|x86.Deploy.0 = Release|x86
		{009D80BF-3217-41E3-9399-BB8F3A3BB8EB}.Debug|Any CPU.ActiveCfg = Debug|x86
		{009D80BF-3217-41E3-9399-BB8F3A3BB8EB}.Debug|ARM.ActiveCfg = Debug|ARM
		{009D80BF-3217-41E3-9399-BB8F3A3BB8EB}.Debug|ARM.Build.0 = Debug|ARM
		{009D80BF-3217-41E3-9399-BB8F3A3BB8EB}.Debug|ARM.Deploy.0 = Debug|ARM
		{009D80BF-3217-41E3-9399-BB8F3A3BB8EB}.Debug|iPhone.ActiveCfg = Debug|x86
		{009D80BF-3217-41E3-9399-BB8F3A3BB8EB}.Debug|iPhoneSimulator.ActiveCfg = Debug|x86
		{009D80BF-3217-41E3-9399-BB8F3A3BB8EB}.Debug|x64.ActiveCfg = Debug|x64
		{009D80BF-3217-41E3-9399-BB8F3A3BB8EB}.Debug|x64.Build.0 = Debug|x64
		{009D80BF-3217-41E3-9399-BB8F3A3BB8EB}.Debug|x64.Deploy.0 = Debug|x64
		{009D80BF-3217-41E3-9399-BB8F3A3BB8EB}.Debug|x86.ActiveCfg = Debug|x86
		{009D80BF-3217-41E3-9399-BB8F3A3BB8EB}.Debug|x86.Build.0 = Debug|x86
		{009D80BF-3217-41E3-9399-BB8F3A3BB8EB}.Debug|x86.Deploy.0 = Debug|x86
		{009D80BF-3217-41E3-9399-BB8F3A3BB8EB}.Release|Any CPU.ActiveCfg = Release|x86
		{009D80BF-3217-41E3-9399-BB8F3A3BB8EB}.Release|ARM.ActiveCfg = Release|ARM
		{009D80BF-3217-41E3-9399-BB8F3A3BB8EB}.Release|ARM.Build.0 = Release|ARM
		{009D80BF-3217-41E3-9399-BB8F3A3BB8EB}.Release|ARM.Deploy.0 = Release|ARM
		{009D80BF-3217-41E3-9399-BB8F3A3BB8EB}.Release|iPhone.ActiveCfg = Release|x86
		{009D80BF-3217-41E3-9399-BB8F3A3BB8EB}.Release|iPhoneSimulator.ActiveCfg = Release|x86
		{009D80BF-3217-41E3-9399-BB8F3A3BB8EB}.Release|x64.ActiveCfg = Release|x64
		{009D80BF-3217-41E3-9399-BB8F3A3BB8EB}.Release|x64.Build.0 = Release|x64
		{009D80BF-3217-41E3-9399-BB8F3A3BB8EB}.Release|x64.Deploy.0 = Release|x64
		{009D80BF-3217-41E3-9399-BB8F3A3BB8EB}.Release|x86.ActiveCfg = Release|x86
		{009D80BF-3217-41E3-9399-BB8F3A3BB8EB}.Release|x86.Build.0 = Release|x86
		{009D80BF-3217-41E3-9399-BB8F3A3BB8EB}.Release|x86.Deploy.0 = Release|x86
		{44B2827B-BADA-469A-8024-CEADC1384FE1}.Ad-Hoc|Any CPU.ActiveCfg = Release|Any CPU
		{44B2827B-BADA-469A-8024-CEADC1384FE1}.Ad-Hoc|Any CPU.Build.0 = Release|Any CPU
		{44B2827B-BADA-469A-8024-CEADC1384FE1}.Ad-Hoc|Any CPU.Deploy.0 = Release|Any CPU
		{44B2827B-BADA-469A-8024-CEADC1384FE1}.Ad-Hoc|ARM.ActiveCfg = Release|ARM
		{44B2827B-BADA-469A-8024-CEADC1384FE1}.Ad-Hoc|ARM.Build.0 = Release|ARM
		{44B2827B-BADA-469A-8024-CEADC1384FE1}.Ad-Hoc|ARM.Deploy.0 = Release|ARM
		{44B2827B-BADA-469A-8024-CEADC1384FE1}.Ad-Hoc|iPhone.ActiveCfg = Release|Any CPU
		{44B2827B-BADA-469A-8024-CEADC1384FE1}.Ad-Hoc|iPhone.Build.0 = Release|Any CPU
		{44B2827B-BADA-469A-8024-CEADC1384FE1}.Ad-Hoc|iPhone.Deploy.0 = Release|Any CPU
		{44B2827B-BADA-469A-8024-CEADC1384FE1}.Ad-Hoc|iPhoneSimulator.ActiveCfg = Release|Any CPU
		{44B2827B-BADA-469A-8024-CEADC1384FE1}.Ad-Hoc|iPhoneSimulator.Build.0 = Release|Any CPU
		{44B2827B-BADA-469A-8024-CEADC1384FE1}.Ad-Hoc|iPhoneSimulator.Deploy.0 = Release|Any CPU
		{44B2827B-BADA-469A-8024-CEADC1384FE1}.Ad-Hoc|x64.ActiveCfg = Release|x64
		{44B2827B-BADA-469A-8024-CEADC1384FE1}.Ad-Hoc|x64.Build.0 = Release|x64
		{44B2827B-BADA-469A-8024-CEADC1384FE1}.Ad-Hoc|x64.Deploy.0 = Release|x64
		{44B2827B-BADA-469A-8024-CEADC1384FE1}.Ad-Hoc|x86.ActiveCfg = Release|x86
		{44B2827B-BADA-469A-8024-CEADC1384FE1}.Ad-Hoc|x86.Build.0 = Release|x86
		{44B2827B-BADA-469A-8024-CEADC1384FE1}.Ad-Hoc|x86.Deploy.0 = Release|x86
		{44B2827B-BADA-469A-8024-CEADC1384FE1}.AppStore|Any CPU.ActiveCfg = Release|Any CPU
		{44B2827B-BADA-469A-8024-CEADC1384FE1}.AppStore|Any CPU.Build.0 = Release|Any CPU
		{44B2827B-BADA-469A-8024-CEADC1384FE1}.AppStore|Any CPU.Deploy.0 = Release|Any CPU
		{44B2827B-BADA-469A-8024-CEADC1384FE1}.AppStore|ARM.ActiveCfg = Release|ARM
		{44B2827B-BADA-469A-8024-CEADC1384FE1}.AppStore|ARM.Build.0 = Release|ARM
		{44B2827B-BADA-469A-8024-CEADC1384FE1}.AppStore|ARM.Deploy.0 = Release|ARM
		{44B2827B-BADA-469A-8024-CEADC1384FE1}.AppStore|iPhone.ActiveCfg = Release|Any CPU
		{44B2827B-BADA-469A-8024-CEADC1384FE1}.AppStore|iPhone.Build.0 = Release|Any CPU
		{44B2827B-BADA-469A-8024-CEADC1384FE1}.AppStore|iPhone.Deploy.0 = Release|Any CPU
		{44B2827B-BADA-469A-8024-CEADC1384FE1}.AppStore|iPhoneSimulator.ActiveCfg = Release|Any CPU
		{44B2827B-BADA-469A-8024-CEADC1384FE1}.AppStore|iPhoneSimulator.Build.0 = Release|Any CPU
		{44B2827B-BADA-469A-8024-CEADC1384FE1}.AppStore|iPhoneSimulator.Deploy.0 = Release|Any CPU
		{44B2827B-BADA-469A-8024-CEADC1384FE1}.AppStore|x64.ActiveCfg = Release|x64
		{44B2827B-BADA-469A-8024-CEADC1384FE1}.AppStore|x64.Build.0 = Release|x64
		{44B2827B-BADA-469A-8024-CEADC1384FE1}.AppStore|x64.Deploy.0 = Release|x64
		{44B2827B-BADA-469A-8024-CEADC1384FE1}.AppStore|x86.ActiveCfg = Release|x86
		{44B2827B-BADA-469A-8024-CEADC1384FE1}.AppStore|x86.Build.0 = Release|x86
		{44B2827B-BADA-469A-8024-CEADC1384FE1}.AppStore|x86.Deploy.0 = Release|x86
		{44B2827B-BADA-469A-8024-CEADC1384FE1}.Debug|Any CPU.ActiveCfg = Debug|Any CPU
		{44B2827B-BADA-469A-8024-CEADC1384FE1}.Debug|Any CPU.Build.0 = Debug|Any CPU
		{44B2827B-BADA-469A-8024-CEADC1384FE1}.Debug|Any CPU.Deploy.0 = Debug|Any CPU
		{44B2827B-BADA-469A-8024-CEADC1384FE1}.Debug|ARM.ActiveCfg = Debug|ARM
		{44B2827B-BADA-469A-8024-CEADC1384FE1}.Debug|ARM.Build.0 = Debug|ARM
		{44B2827B-BADA-469A-8024-CEADC1384FE1}.Debug|ARM.Deploy.0 = Debug|ARM
		{44B2827B-BADA-469A-8024-CEADC1384FE1}.Debug|iPhone.ActiveCfg = Debug|Any CPU
		{44B2827B-BADA-469A-8024-CEADC1384FE1}.Debug|iPhone.Build.0 = Debug|Any CPU
		{44B2827B-BADA-469A-8024-CEADC1384FE1}.Debug|iPhone.Deploy.0 = Debug|Any CPU
		{44B2827B-BADA-469A-8024-CEADC1384FE1}.Debug|iPhoneSimulator.ActiveCfg = Debug|Any CPU
		{44B2827B-BADA-469A-8024-CEADC1384FE1}.Debug|iPhoneSimulator.Build.0 = Debug|Any CPU
		{44B2827B-BADA-469A-8024-CEADC1384FE1}.Debug|iPhoneSimulator.Deploy.0 = Debug|Any CPU
		{44B2827B-BADA-469A-8024-CEADC1384FE1}.Debug|x64.ActiveCfg = Debug|x64
		{44B2827B-BADA-469A-8024-CEADC1384FE1}.Debug|x64.Build.0 = Debug|x64
		{44B2827B-BADA-469A-8024-CEADC1384FE1}.Debug|x64.Deploy.0 = Debug|x64
		{44B2827B-BADA-469A-8024-CEADC1384FE1}.Debug|x86.ActiveCfg = Debug|x86
		{44B2827B-BADA-469A-8024-CEADC1384FE1}.Debug|x86.Build.0 = Debug|x86
		{44B2827B-BADA-469A-8024-CEADC1384FE1}.Debug|x86.Deploy.0 = Debug|x86
		{44B2827B-BADA-469A-8024-CEADC1384FE1}.Release|Any CPU.ActiveCfg = Release|Any CPU
		{44B2827B-BADA-469A-8024-CEADC1384FE1}.Release|Any CPU.Build.0 = Release|Any CPU
		{44B2827B-BADA-469A-8024-CEADC1384FE1}.Release|Any CPU.Deploy.0 = Release|Any CPU
		{44B2827B-BADA-469A-8024-CEADC1384FE1}.Release|ARM.ActiveCfg = Release|ARM
		{44B2827B-BADA-469A-8024-CEADC1384FE1}.Release|ARM.Build.0 = Release|ARM
		{44B2827B-BADA-469A-8024-CEADC1384FE1}.Release|ARM.Deploy.0 = Release|ARM
		{44B2827B-BADA-469A-8024-CEADC1384FE1}.Release|iPhone.ActiveCfg = Release|Any CPU
		{44B2827B-BADA-469A-8024-CEADC1384FE1}.Release|iPhone.Build.0 = Release|Any CPU
		{44B2827B-BADA-469A-8024-CEADC1384FE1}.Release|iPhone.Deploy.0 = Release|Any CPU
		{44B2827B-BADA-469A-8024-CEADC1384FE1}.Release|iPhoneSimulator.ActiveCfg = Release|Any CPU
		{44B2827B-BADA-469A-8024-CEADC1384FE1}.Release|iPhoneSimulator.Build.0 = Release|Any CPU
		{44B2827B-BADA-469A-8024-CEADC1384FE1}.Release|iPhoneSimulator.Deploy.0 = Release|Any CPU
		{44B2827B-BADA-469A-8024-CEADC1384FE1}.Release|x64.ActiveCfg = Release|x64
		{44B2827B-BADA-469A-8024-CEADC1384FE1}.Release|x64.Build.0 = Release|x64
		{44B2827B-BADA-469A-8024-CEADC1384FE1}.Release|x64.Deploy.0 = Release|x64
		{44B2827B-BADA-469A-8024-CEADC1384FE1}.Release|x86.ActiveCfg = Release|x86
		{44B2827B-BADA-469A-8024-CEADC1384FE1}.Release|x86.Build.0 = Release|x86
		{44B2827B-BADA-469A-8024-CEADC1384FE1}.Release|x86.Deploy.0 = Release|x86
		{820C69CF-83D4-4D7D-8139-B0A3238A1ED4}.Ad-Hoc|Any CPU.ActiveCfg = Release|Any CPU
		{820C69CF-83D4-4D7D-8139-B0A3238A1ED4}.Ad-Hoc|Any CPU.Build.0 = Release|Any CPU
		{820C69CF-83D4-4D7D-8139-B0A3238A1ED4}.Ad-Hoc|ARM.ActiveCfg = Release|Any CPU
		{820C69CF-83D4-4D7D-8139-B0A3238A1ED4}.Ad-Hoc|ARM.Build.0 = Release|Any CPU
		{820C69CF-83D4-4D7D-8139-B0A3238A1ED4}.Ad-Hoc|iPhone.ActiveCfg = Release|Any CPU
		{820C69CF-83D4-4D7D-8139-B0A3238A1ED4}.Ad-Hoc|iPhone.Build.0 = Release|Any CPU
		{820C69CF-83D4-4D7D-8139-B0A3238A1ED4}.Ad-Hoc|iPhoneSimulator.ActiveCfg = Release|Any CPU
		{820C69CF-83D4-4D7D-8139-B0A3238A1ED4}.Ad-Hoc|iPhoneSimulator.Build.0 = Release|Any CPU
		{820C69CF-83D4-4D7D-8139-B0A3238A1ED4}.Ad-Hoc|x64.ActiveCfg = Release|Any CPU
		{820C69CF-83D4-4D7D-8139-B0A3238A1ED4}.Ad-Hoc|x64.Build.0 = Release|Any CPU
		{820C69CF-83D4-4D7D-8139-B0A3238A1ED4}.Ad-Hoc|x86.ActiveCfg = Release|Any CPU
		{820C69CF-83D4-4D7D-8139-B0A3238A1ED4}.Ad-Hoc|x86.Build.0 = Release|Any CPU
		{820C69CF-83D4-4D7D-8139-B0A3238A1ED4}.AppStore|Any CPU.ActiveCfg = Release|Any CPU
		{820C69CF-83D4-4D7D-8139-B0A3238A1ED4}.AppStore|Any CPU.Build.0 = Release|Any CPU
		{820C69CF-83D4-4D7D-8139-B0A3238A1ED4}.AppStore|ARM.ActiveCfg = Release|Any CPU
		{820C69CF-83D4-4D7D-8139-B0A3238A1ED4}.AppStore|ARM.Build.0 = Release|Any CPU
		{820C69CF-83D4-4D7D-8139-B0A3238A1ED4}.AppStore|iPhone.ActiveCfg = Release|Any CPU
		{820C69CF-83D4-4D7D-8139-B0A3238A1ED4}.AppStore|iPhone.Build.0 = Release|Any CPU
		{820C69CF-83D4-4D7D-8139-B0A3238A1ED4}.AppStore|iPhoneSimulator.ActiveCfg = Release|Any CPU
		{820C69CF-83D4-4D7D-8139-B0A3238A1ED4}.AppStore|iPhoneSimulator.Build.0 = Release|Any CPU
		{820C69CF-83D4-4D7D-8139-B0A3238A1ED4}.AppStore|x64.ActiveCfg = Release|Any CPU
		{820C69CF-83D4-4D7D-8139-B0A3238A1ED4}.AppStore|x64.Build.0 = Release|Any CPU
		{820C69CF-83D4-4D7D-8139-B0A3238A1ED4}.AppStore|x86.ActiveCfg = Release|Any CPU
		{820C69CF-83D4-4D7D-8139-B0A3238A1ED4}.AppStore|x86.Build.0 = Release|Any CPU
		{820C69CF-83D4-4D7D-8139-B0A3238A1ED4}.Debug|Any CPU.ActiveCfg = Debug|Any CPU
		{820C69CF-83D4-4D7D-8139-B0A3238A1ED4}.Debug|Any CPU.Build.0 = Debug|Any CPU
		{820C69CF-83D4-4D7D-8139-B0A3238A1ED4}.Debug|ARM.ActiveCfg = Debug|Any CPU
		{820C69CF-83D4-4D7D-8139-B0A3238A1ED4}.Debug|ARM.Build.0 = Debug|Any CPU
		{820C69CF-83D4-4D7D-8139-B0A3238A1ED4}.Debug|iPhone.ActiveCfg = Debug|Any CPU
		{820C69CF-83D4-4D7D-8139-B0A3238A1ED4}.Debug|iPhone.Build.0 = Debug|Any CPU
		{820C69CF-83D4-4D7D-8139-B0A3238A1ED4}.Debug|iPhoneSimulator.ActiveCfg = Debug|Any CPU
		{820C69CF-83D4-4D7D-8139-B0A3238A1ED4}.Debug|iPhoneSimulator.Build.0 = Debug|Any CPU
		{820C69CF-83D4-4D7D-8139-B0A3238A1ED4}.Debug|x64.ActiveCfg = Debug|Any CPU
		{820C69CF-83D4-4D7D-8139-B0A3238A1ED4}.Debug|x64.Build.0 = Debug|Any CPU
		{820C69CF-83D4-4D7D-8139-B0A3238A1ED4}.Debug|x86.ActiveCfg = Debug|Any CPU
		{820C69CF-83D4-4D7D-8139-B0A3238A1ED4}.Debug|x86.Build.0 = Debug|Any CPU
		{820C69CF-83D4-4D7D-8139-B0A3238A1ED4}.Release|Any CPU.ActiveCfg = Release|Any CPU
		{820C69CF-83D4-4D7D-8139-B0A3238A1ED4}.Release|Any CPU.Build.0 = Release|Any CPU
		{820C69CF-83D4-4D7D-8139-B0A3238A1ED4}.Release|ARM.ActiveCfg = Release|Any CPU
		{820C69CF-83D4-4D7D-8139-B0A3238A1ED4}.Release|ARM.Build.0 = Release|Any CPU
		{820C69CF-83D4-4D7D-8139-B0A3238A1ED4}.Release|iPhone.ActiveCfg = Release|Any CPU
		{820C69CF-83D4-4D7D-8139-B0A3238A1ED4}.Release|iPhone.Build.0 = Release|Any CPU
		{820C69CF-83D4-4D7D-8139-B0A3238A1ED4}.Release|iPhoneSimulator.ActiveCfg = Release|Any CPU
		{820C69CF-83D4-4D7D-8139-B0A3238A1ED4}.Release|iPhoneSimulator.Build.0 = Release|Any CPU
		{820C69CF-83D4-4D7D-8139-B0A3238A1ED4}.Release|x64.ActiveCfg = Release|Any CPU
		{820C69CF-83D4-4D7D-8139-B0A3238A1ED4}.Release|x64.Build.0 = Release|Any CPU
		{820C69CF-83D4-4D7D-8139-B0A3238A1ED4}.Release|x86.ActiveCfg = Release|Any CPU
		{820C69CF-83D4-4D7D-8139-B0A3238A1ED4}.Release|x86.Build.0 = Release|Any CPU
	EndGlobalSection
	GlobalSection(SolutionProperties) = preSolution
		HideSolutionNode = FALSE
	EndGlobalSection
EndGlobal
